
Microsoft Visual Studio Solution File, Format Version 12.00
# Visual Studio 15
VisualStudioVersion = 15.0.27703.2047
MinimumVisualStudioVersion = 10.0.40219.1
Project("{9A19103F-16F7-4668-BE54-9A1E7A4F7556}") = "OMSDAdmin", "OMSDAdmin.csproj", "{53045F93-FE63-492B-A658-B8369922FADA}"
EndProject
Global
	GlobalSection(SolutionConfigurationPlatforms) = preSolution
		Debug|Any CPU = Debug|Any CPU
		Release|Any CPU = Release|Any CPU
	EndGlobalSection
	GlobalSection(ProjectConfigurationPlatforms) = postSolution
		{53045F93-FE63-492B-A658-B8369922FADA}.Debug|Any CPU.ActiveCfg = Debug|Any CPU
		{53045F93-FE63-492B-A658-B8369922FADA}.Debug|Any CPU.Build.0 = Debug|Any CPU
		{53045F93-FE63-492B-A658-B8369922FADA}.Release|Any CPU.ActiveCfg = Release|Any CPU
		{53045F93-FE63-492B-A658-B8369922FADA}.Release|Any CPU.Build.0 = Release|Any CPU
	EndGlobalSection
	GlobalSection(SolutionProperties) = preSolution
		HideSolutionNode = FALSE
	EndGlobalSection
	GlobalSection(ExtensibilityGlobals) = postSolution
		SolutionGuid = {9610E1C1-2086-489C-883F-4862186791DC}
	EndGlobalSection
	GlobalSection(TeamFoundationVersionControl) = preSolution
		SccNumberOfProjects = 2
		SccEnterpriseProvider = {4CA58AB2-18FA-4F8D-95D4-32DDF27D184C}
		SccTeamFoundationServer = https://markmamarkmamarkma.visualstudio.com/DefaultCollection
		SccLocalPath0 = .
		SccProjectUniqueName1 = OMSDAdmin.csproj
		SccLocalPath1 = .
	EndGlobalSection
EndGlobal
